
Microsoft Visual Studio Solution File, Format Version 12.00
# Visual Studio 15
VisualStudioVersion = 15.0.28307.271
MinimumVisualStudioVersion = 10.0.40219.1
Project("{FAE04EC0-301F-11D3-BF4B-00C04F79EFBC}") = "API_Sample", "API_Sample\API_Sample.csproj", "{FE94327C-D312-41FD-996E-F91295E6C79C}"
EndProject
Global
	GlobalSection(SolutionConfigurationPlatforms) = preSolution
		Debug|Any CPU = Debug|Any CPU
		Release|Any CPU = Release|Any CPU
	EndGlobalSection
	GlobalSection(ProjectConfigurationPlatforms) = postSolution
		{FE94327C-D312-41FD-996E-F91295E6C79C}.Debug|Any CPU.ActiveCfg = Debug|Any CPU
		{FE94327C-D312-41FD-996E-F91295E6C79C}.Debug|Any CPU.Build.0 = Debug|Any CPU
		{FE94327C-D312-41FD-996E-F91295E6C79C}.Release|Any CPU.ActiveCfg = Release|Any CPU
		{FE94327C-D312-41FD-996E-F91295E6C79C}.Release|Any CPU.Build.0 = Release|Any CPU
	EndGlobalSection
	GlobalSection(SolutionProperties) = preSolution
		HideSolutionNode = FALSE
	EndGlobalSection
	GlobalSection(ExtensibilityGlobals) = postSolution
		SolutionGuid = {BE79B575-3174-4029-AFCD-48BAD7324C62}
	EndGlobalSection
EndGlobal
